{
  "name": "@reified/function",
  "version": "1.0.0-alpha.1",
  "lockfileVersion": 2,
  "requires": true,
  "packages": {
    "": {
      "name": "@reified/function",
      "version": "1.0.0-alpha.1",
      "license": "MIT",
      "dependencies": {
        "@reified/fail": "^1.0.0-alpha.1",
        "@reified/intrinsics": "^1.0.0-alpha.5",
        "@reified/object": "^1.0.0-alpha.1"
      }
    },
    "node_modules/@reified/fail": {
      "version": "1.0.0-alpha.1",
      "resolved": "https://registry.npmjs.org/@reified/fail/-/fail-1.0.0-alpha.1.tgz",
      "integrity": "sha512-kA3yv1eojteVOACLVwaw0g0i+rDUtkryYlKQmwv7AIB7rXIC6yE+4mDUS9tN3ijeYKH71ZddsJQVxGm8NdOeaw=="
    },
    "node_modules/@reified/intrinsics": {
      "version": "1.0.0-alpha.5",
      "resolved": "https://registry.npmjs.org/@reified/intrinsics/-/intrinsics-1.0.0-alpha.5.tgz",
      "integrity": "sha512-9X7EgROhBxE84g781r0S+Jr9788WqKQ2NrQc6DQN8jWY+i9DPtPrCi4+WiOTDR3+kX8hDZ+N9FbVoQuV9xz3HA=="
    },
    "node_modules/@reified/object": {
      "version": "1.0.0-alpha.1",
      "resolved": "https://registry.npmjs.org/@reified/object/-/object-1.0.0-alpha.1.tgz",
      "integrity": "sha512-+CNsgBV6zJiQX8N567WIPBsURV4lqIYRdnpo68CYIOHHeaBt8fqzyz+ChXmONpqrBNG/53ZyDasszdNegWCCqw==",
      "dependencies": {
        "@reified/fail": "^1.0.0-alpha.1",
        "@reified/intrinsics": "^1.0.0-alpha.5"
      }
    }
  },
  "dependencies": {
    "@reified/fail": {
      "version": "1.0.0-alpha.1",
      "resolved": "https://registry.npmjs.org/@reified/fail/-/fail-1.0.0-alpha.1.tgz",
      "integrity": "sha512-kA3yv1eojteVOACLVwaw0g0i+rDUtkryYlKQmwv7AIB7rXIC6yE+4mDUS9tN3ijeYKH71ZddsJQVxGm8NdOeaw=="
    },
    "@reified/intrinsics": {
      "version": "1.0.0-alpha.5",
      "resolved": "https://registry.npmjs.org/@reified/intrinsics/-/intrinsics-1.0.0-alpha.5.tgz",
      "integrity": "sha512-9X7EgROhBxE84g781r0S+Jr9788WqKQ2NrQc6DQN8jWY+i9DPtPrCi4+WiOTDR3+kX8hDZ+N9FbVoQuV9xz3HA=="
    },
    "@reified/object": {
      "version": "1.0.0-alpha.1",
      "resolved": "https://registry.npmjs.org/@reified/object/-/object-1.0.0-alpha.1.tgz",
      "integrity": "sha512-+CNsgBV6zJiQX8N567WIPBsURV4lqIYRdnpo68CYIOHHeaBt8fqzyz+ChXmONpqrBNG/53ZyDasszdNegWCCqw==",
      "requires": {
        "@reified/fail": "^1.0.0-alpha.1",
        "@reified/intrinsics": "^1.0.0-alpha.5"
      }
    }
  }
}
