{
  "name": "@reified/object",
  "version": "1.0.0-alpha.2",
  "lockfileVersion": 3,
  "requires": true,
  "packages": {
    "": {
      "name": "@reified/object",
      "version": "1.0.0-alpha.2",
      "license": "MIT",
      "dependencies": {
        "@reified/fail": "^1.0.0-alpha.1",
        "@reified/intrinsics": "^1.0.0-alpha.5"
      }
    },
    "node_modules/@reified/fail": {
      "version": "1.0.0-alpha.1",
      "resolved": "https://registry.npmjs.org/@reified/fail/-/fail-1.0.0-alpha.1.tgz",
      "integrity": "sha512-kA3yv1eojteVOACLVwaw0g0i+rDUtkryYlKQmwv7AIB7rXIC6yE+4mDUS9tN3ijeYKH71ZddsJQVxGm8NdOeaw=="
    },
    "node_modules/@reified/intrinsics": {
      "version": "1.0.0-alpha.5",
      "resolved": "https://registry.npmjs.org/@reified/intrinsics/-/intrinsics-1.0.0-alpha.5.tgz",
      "integrity": "sha512-9X7EgROhBxE84g781r0S+Jr9788WqKQ2NrQc6DQN8jWY+i9DPtPrCi4+WiOTDR3+kX8hDZ+N9FbVoQuV9xz3HA=="
    }
  }
}
