{
  "name": "@reified/object",
  "version": "1.0.0-alpha.3",
  "lockfileVersion": 3,
  "requires": true,
  "packages": {
    "": {
      "name": "@reified/object",
      "version": "1.0.0-alpha.3",
      "license": "MIT",
      "dependencies": {
        "@reified/fail": "1.0.0-alpha.1",
        "@reified/intrinsics": "1.0.0-alpha.6"
      }
    },
    "node_modules/@reified/fail": {
      "version": "1.0.0-alpha.1",
      "resolved": "https://registry.npmjs.org/@reified/fail/-/fail-1.0.0-alpha.1.tgz",
      "integrity": "sha512-kA3yv1eojteVOACLVwaw0g0i+rDUtkryYlKQmwv7AIB7rXIC6yE+4mDUS9tN3ijeYKH71ZddsJQVxGm8NdOeaw=="
    },
    "node_modules/@reified/intrinsics": {
      "version": "1.0.0-alpha.6",
      "resolved": "https://registry.npmjs.org/@reified/intrinsics/-/intrinsics-1.0.0-alpha.6.tgz",
      "integrity": "sha512-dETeuyGTQ1ljjPzpiE7M1lCAOobDgNWMhxuLZW+J0cjht21EbtTKYvn8LdHOOtoUbKCFYLHAv2BTCeSQY9MM2A=="
    }
  }
}
